
Microsoft Visual Studio Solution File, Format Version 12.00
# Visual Studio Version 17
VisualStudioVersion = 17.0.32002.185
MinimumVisualStudioVersion = 10.0.40219.1
Project("{FAE04EC0-301F-11D3-BF4B-00C04F79EFBC}") = "EsStok", "EsStok.csproj", "{A011AC29-2CC0-4F92-8826-24685C3DD78C}"
EndProject
Global
	GlobalSection(SolutionConfigurationPlatforms) = preSolution
		Debug|Any CPU = Debug|Any CPU
		Release|Any CPU = Release|Any CPU
	EndGlobalSection
	GlobalSection(ProjectConfigurationPlatforms) = postSolution
		{A011AC29-2CC0-4F92-8826-24685C3DD78C}.Debug|Any CPU.ActiveCfg = Debug|Any CPU
		{A011AC29-2CC0-4F92-8826-24685C3DD78C}.Debug|Any CPU.Build.0 = Debug|Any CPU
		{A011AC29-2CC0-4F92-8826-24685C3DD78C}.Release|Any CPU.ActiveCfg = Release|Any CPU
		{A011AC29-2CC0-4F92-8826-24685C3DD78C}.Release|Any CPU.Build.0 = Release|Any CPU
	EndGlobalSection
	GlobalSection(SolutionProperties) = preSolution
		HideSolutionNode = FALSE
	EndGlobalSection
	GlobalSection(ExtensibilityGlobals) = postSolution
		SolutionGuid = {84C1A6B7-1DE3-4312-AE3B-B123CCFC438D}
	EndGlobalSection
EndGlobal
